// !$*UTF8*$!
{
	archiveVersion = 1;
	classes = {
	};
	objectVersion = 77;
	objects = {

/* Begin PBXBuildFile section */
		3045B1B12E8CB81A00C34F16 /* CHANGELOG.md in Resources */ = {isa = PBXBuildFile; fileRef = 3045B1AF2E8CB81A00C34F16 /* CHANGELOG.md */; };
		3045B1B22E8CB81A00C34F16 /* README.md in Resources */ = {isa = PBXBuildFile; fileRef = 3045B1B02E8CB81A00C34F16 /* README.md */; };
		30C963FE2F0AB58100DDF7AF /* AppIntents.framework in Frameworks */ = {isa = PBXBuildFile; fileRef = 30C963FD2F0AB58100DDF7AF /* AppIntents.framework */; };
		30C963FF2F0AB58600DDF7AF /* AppIntents.framework in Frameworks */ = {isa = PBXBuildFile; fileRef = 30C963FD2F0AB58100DDF7AF /* AppIntents.framework */; };
		30DAC6D42EEE1F73004F96CE /* CHANGELOG.md in Resources */ = {isa = PBXBuildFile; fileRef = 3045B1AF2E8CB81A00C34F16 /* CHANGELOG.md */; };
		30DAC6D62EEE1F73004F96CE /* README.md in Resources */ = {isa = PBXBuildFile; fileRef = 3045B1B02E8CB81A00C34F16 /* README.md */; };
		30DAC6D72EEE1F73004F96CE /* volumeHUD.icon in Resources */ = {isa = PBXBuildFile; fileRef = 30FF7CEE2EB20778000E1031 /* volumeHUD.icon */; };
		30FF7CEF2EB20778000E1031 /* volumeHUD.icon in Resources */ = {isa = PBXBuildFile; fileRef = 30FF7CEE2EB20778000E1031 /* volumeHUD.icon */; };
/* End PBXBuildFile section */

/* Begin PBXFileReference section */
		3045B1AF2E8CB81A00C34F16 /* CHANGELOG.md */ = {isa = PBXFileReference; lastKnownFileType = net.daringfireball.markdown; path = CHANGELOG.md; sourceTree = "<group>"; };
		3045B1B02E8CB81A00C34F16 /* README.md */ = {isa = PBXFileReference; lastKnownFileType = net.daringfireball.markdown; path = README.md; sourceTree = "<group>"; };
		30C937682E806B79004B5AF5 /* volumeHUD.app */ = {isa = PBXFileReference; explicitFileType = wrapper.application; includeInIndex = 0; path = volumeHUD.app; sourceTree = BUILT_PRODUCTS_DIR; };
		30C963FD2F0AB58100DDF7AF /* AppIntents.framework */ = {isa = PBXFileReference; lastKnownFileType = wrapper.framework; name = AppIntents.framework; path = System/Library/Frameworks/AppIntents.framework; sourceTree = SDKROOT; };
		30C964002F0AB64600DDF7AF /* BuildNumber.xcconfig */ = {isa = PBXFileReference; lastKnownFileType = text.xcconfig; path = BuildNumber.xcconfig; sourceTree = "<group>"; };
		30DAC6DD2EEE1F73004F96CE /* volumeHUD.app */ = {isa = PBXFileReference; explicitFileType = wrapper.application; includeInIndex = 0; path = volumeHUD.app; sourceTree = BUILT_PRODUCTS_DIR; };
		30FF7CEE2EB20778000E1031 /* volumeHUD.icon */ = {isa = PBXFileReference; lastKnownFileType = folder.iconcomposer.icon; path = volumeHUD.icon; sourceTree = "<group>"; };
/* End PBXFileReference section */

/* Begin PBXFileSystemSynchronizedBuildFileExceptionSet section */
		30DAC6DE2EEE1F73004F96CE /* Exceptions for "volumeHUD" folder in "volumeHUD (Sandbox)" target */ = {
			isa = PBXFileSystemSynchronizedBuildFileExceptionSet;
			membershipExceptions = (
				Assets.xcassets,
				BrightnessMonitor.swift,
				MediaKeyInterceptor.swift,
			);
			target = 30DAC6CB2EEE1F73004F96CE /* volumeHUD (Sandbox) */;
		};
/* End PBXFileSystemSynchronizedBuildFileExceptionSet section */

/* Begin PBXFileSystemSynchronizedGroupBuildPhaseMembershipExceptionSet section */
		30DAC6E72EEE21CF004F96CE /* Exceptions for "volumeHUD" folder in "Compile Sources" phase from "volumeHUD (Sandbox)" target */ = {
			isa = PBXFileSystemSynchronizedGroupBuildPhaseMembershipExceptionSet;
			buildPhase = 30DAC6D02EEE1F73004F96CE /* Sources */;
			membershipExceptions = (
				Assets.xcassets,
			);
		};
/* End PBXFileSystemSynchronizedGroupBuildPhaseMembershipExceptionSet section */

/* Begin PBXFileSystemSynchronizedRootGroup section */
		30C9376A2E806B79004B5AF5 /* volumeHUD */ = {
			isa = PBXFileSystemSynchronizedRootGroup;
			exceptions = (
				30DAC6DE2EEE1F73004F96CE /* Exceptions for "volumeHUD" folder in "volumeHUD (Sandbox)" target */,
				30DAC6E72EEE21CF004F96CE /* Exceptions for "volumeHUD" folder in "Compile Sources" phase from "volumeHUD (Sandbox)" target */,
			);
			path = volumeHUD;
			sourceTree = "<group>";
		};
/* End PBXFileSystemSynchronizedRootGroup section */

/* Begin PBXFrameworksBuildPhase section */
		30C937652E806B79004B5AF5 /* Frameworks */ = {
			isa = PBXFrameworksBuildPhase;
			buildActionMask = 2147483647;
			files = (
				30C963FE2F0AB58100DDF7AF /* AppIntents.framework in Frameworks */,
			);
			runOnlyForDeploymentPostprocessing = 0;
		};
		30DAC6D12EEE1F73004F96CE /* Frameworks */ = {
			isa = PBXFrameworksBuildPhase;
			buildActionMask = 2147483647;
			files = (
				30C963FF2F0AB58600DDF7AF /* AppIntents.framework in Frameworks */,
			);
			runOnlyForDeploymentPostprocessing = 0;
		};
/* End PBXFrameworksBuildPhase section */

/* Begin PBXGroup section */
		30A48DC62E8B13B9005E1B15 /* Frameworks */ = {
			isa = PBXGroup;
			children = (
				30C963FD2F0AB58100DDF7AF /* AppIntents.framework */,
			);
			name = Frameworks;
			sourceTree = "<group>";
		};
		30C9375F2E806B79004B5AF5 = {
			isa = PBXGroup;
			children = (
				3045B1AF2E8CB81A00C34F16 /* CHANGELOG.md */,
				3045B1B02E8CB81A00C34F16 /* README.md */,
				30C9376A2E806B79004B5AF5 /* volumeHUD */,
				30A48DC62E8B13B9005E1B15 /* Frameworks */,
				30C937692E806B79004B5AF5 /* Products */,
				30FF7CEE2EB20778000E1031 /* volumeHUD.icon */,
				30C964002F0AB64600DDF7AF /* BuildNumber.xcconfig */,
			);
			sourceTree = "<group>";
		};
		30C937692E806B79004B5AF5 /* Products */ = {
			isa = PBXGroup;
			children = (
				30C937682E806B79004B5AF5 /* volumeHUD.app */,
				30DAC6DD2EEE1F73004F96CE /* volumeHUD.app */,
			);
			name = Products;
			sourceTree = "<group>";
		};
/* End PBXGroup section */

/* Begin PBXNativeTarget section */
		30C937672E806B79004B5AF5 /* volumeHUD */ = {
			isa = PBXNativeTarget;
			buildConfigurationList = 30C937732E806B7A004B5AF5 /* Build configuration list for PBXNativeTarget "volumeHUD" */;
			buildPhases = (
				30C937642E806B79004B5AF5 /* Sources */,
				30C937652E806B79004B5AF5 /* Frameworks */,
				30C937662E806B79004B5AF5 /* Resources */,
			);
			buildRules = (
			);
			dependencies = (
			);
			fileSystemSynchronizedGroups = (
				30C9376A2E806B79004B5AF5 /* volumeHUD */,
			);
			name = volumeHUD;
			packageProductDependencies = (
			);
			productName = volumeHUD;
			productReference = 30C937682E806B79004B5AF5 /* volumeHUD.app */;
			productType = "com.apple.product-type.application";
		};
		30DAC6CB2EEE1F73004F96CE /* volumeHUD (Sandbox) */ = {
			isa = PBXNativeTarget;
			buildConfigurationList = 30DAC6DA2EEE1F73004F96CE /* Build configuration list for PBXNativeTarget "volumeHUD (Sandbox)" */;
			buildPhases = (
				30DAC6D02EEE1F73004F96CE /* Sources */,
				30DAC6D12EEE1F73004F96CE /* Frameworks */,
				30DAC6D32EEE1F73004F96CE /* Resources */,
			);
			buildRules = (
			);
			dependencies = (
			);
			fileSystemSynchronizedGroups = (
				30C9376A2E806B79004B5AF5 /* volumeHUD */,
			);
			name = "volumeHUD (Sandbox)";
			packageProductDependencies = (
			);
			productName = volumeHUD;
			productReference = 30DAC6DD2EEE1F73004F96CE /* volumeHUD.app */;
			productType = "com.apple.product-type.application";
		};
/* End PBXNativeTarget section */

/* Begin PBXProject section */
		30C937602E806B79004B5AF5 /* Project object */ = {
			isa = PBXProject;
			attributes = {
				BuildIndependentTargetsInParallel = 1;
				LastSwiftUpdateCheck = 2610;
				LastUpgradeCheck = 2620;
				TargetAttributes = {
					30C937672E806B79004B5AF5 = {
						CreatedOnToolsVersion = 26.0;
					};
				};
			};
			buildConfigurationList = 30C937632E806B79004B5AF5 /* Build configuration list for PBXProject "volumeHUD" */;
			developmentRegion = en;
			hasScannedForEncodings = 0;
			knownRegions = (
				en,
				Base,
			);
			mainGroup = 30C9375F2E806B79004B5AF5;
			minimizedProjectReferenceProxies = 1;
			packageReferences = (
			);
			preferredProjectObjectVersion = 77;
			productRefGroup = 30C937692E806B79004B5AF5 /* Products */;
			projectDirPath = "";
			projectRoot = "";
			targets = (
				30C937672E806B79004B5AF5 /* volumeHUD */,
				30DAC6CB2EEE1F73004F96CE /* volumeHUD (Sandbox) */,
			);
		};
/* End PBXProject section */

/* Begin PBXResourcesBuildPhase section */
		30C937662E806B79004B5AF5 /* Resources */ = {
			isa = PBXResourcesBuildPhase;
			buildActionMask = 2147483647;
			files = (
				3045B1B12E8CB81A00C34F16 /* CHANGELOG.md in Resources */,
				3045B1B22E8CB81A00C34F16 /* README.md in Resources */,
				30FF7CEF2EB20778000E1031 /* volumeHUD.icon in Resources */,
			);
			runOnlyForDeploymentPostprocessing = 0;
		};
		30DAC6D32EEE1F73004F96CE /* Resources */ = {
			isa = PBXResourcesBuildPhase;
			buildActionMask = 2147483647;
			files = (
				30DAC6D42EEE1F73004F96CE /* CHANGELOG.md in Resources */,
				30DAC6D62EEE1F73004F96CE /* README.md in Resources */,
				30DAC6D72EEE1F73004F96CE /* volumeHUD.icon in Resources */,
			);
			runOnlyForDeploymentPostprocessing = 0;
		};
/* End PBXResourcesBuildPhase section */

/* Begin PBXSourcesBuildPhase section */
		30C937642E806B79004B5AF5 /* Sources */ = {
			isa = PBXSourcesBuildPhase;
			buildActionMask = 2147483647;
			files = (
			);
			runOnlyForDeploymentPostprocessing = 0;
		};
		30DAC6D02EEE1F73004F96CE /* Sources */ = {
			isa = PBXSourcesBuildPhase;
			buildActionMask = 2147483647;
			files = (
			);
			runOnlyForDeploymentPostprocessing = 0;
		};
/* End PBXSourcesBuildPhase section */

/* Begin XCBuildConfiguration section */
		30C937712E806B7A004B5AF5 /* Debug */ = {
			isa = XCBuildConfiguration;
			baseConfigurationReference = 30C964002F0AB64600DDF7AF /* BuildNumber.xcconfig */;
			buildSettings = {
				ALWAYS_SEARCH_USER_PATHS = NO;
				ASSETCATALOG_COMPILER_GENERATE_SWIFT_ASSET_SYMBOL_EXTENSIONS = YES;
				CLANG_ANALYZER_NONNULL = YES;
				CLANG_ANALYZER_NUMBER_OBJECT_CONVERSION = YES_AGGRESSIVE;
				CLANG_CXX_LANGUAGE_STANDARD = "gnu++20";
				CLANG_ENABLE_MODULES = YES;
				CLANG_ENABLE_OBJC_ARC = YES;
				CLANG_ENABLE_OBJC_WEAK = YES;
				CLANG_WARN_BLOCK_CAPTURE_AUTORELEASING = YES;
				CLANG_WARN_BOOL_CONVERSION = YES;
				CLANG_WARN_COMMA = YES;
				CLANG_WARN_CONSTANT_CONVERSION = YES;
				CLANG_WARN_DEPRECATED_OBJC_IMPLEMENTATIONS = YES;
				CLANG_WARN_DIRECT_OBJC_ISA_USAGE = YES_ERROR;
				CLANG_WARN_DOCUMENTATION_COMMENTS = YES;
				CLANG_WARN_EMPTY_BODY = YES;
				CLANG_WARN_ENUM_CONVERSION = YES;
				CLANG_WARN_INFINITE_RECURSION = YES;
				CLANG_WARN_INT_CONVERSION = YES;
				CLANG_WARN_NON_LITERAL_NULL_CONVERSION = YES;
				CLANG_WARN_OBJC_IMPLICIT_RETAIN_SELF = YES;
				CLANG_WARN_OBJC_LITERAL_CONVERSION = YES;
				CLANG_WARN_OBJC_ROOT_CLASS = YES_ERROR;
				CLANG_WARN_QUOTED_INCLUDE_IN_FRAMEWORK_HEADER = YES;
				CLANG_WARN_RANGE_LOOP_ANALYSIS = YES;
				CLANG_WARN_STRICT_PROTOTYPES = YES;
				CLANG_WARN_SUSPICIOUS_MOVE = YES;
				CLANG_WARN_UNGUARDED_AVAILABILITY = YES_AGGRESSIVE;
				CLANG_WARN_UNREACHABLE_CODE = YES;
				CLANG_WARN__DUPLICATE_METHOD_MATCH = YES;
				COPY_PHASE_STRIP = NO;
				CURRENT_PROJECT_VERSION = "$(CURRENT_PROJECT_VERSION)";
				DEAD_CODE_STRIPPING = YES;
				DEBUG_INFORMATION_FORMAT = dwarf;
				DEVELOPMENT_TEAM = PL2FTGT24W;
				ENABLE_STRICT_OBJC_MSGSEND = YES;
				ENABLE_TESTABILITY = YES;
				ENABLE_USER_SCRIPT_SANDBOXING = YES;
				GCC_C_LANGUAGE_STANDARD = gnu17;
				GCC_DYNAMIC_NO_PIC = NO;
				GCC_NO_COMMON_BLOCKS = YES;
				GCC_OPTIMIZATION_LEVEL = 0;
				GCC_PREPROCESSOR_DEFINITIONS = (
					"DEBUG=1",
					"$(inherited)",
				);
				GCC_WARN_64_TO_32_BIT_CONVERSION = YES;
				GCC_WARN_ABOUT_RETURN_TYPE = YES_ERROR;
				GCC_WARN_UNDECLARED_SELECTOR = YES;
				GCC_WARN_UNINITIALIZED_AUTOS = YES_AGGRESSIVE;
				GCC_WARN_UNUSED_FUNCTION = YES;
				GCC_WARN_UNUSED_VARIABLE = YES;
				LOCALIZATION_PREFERS_STRING_CATALOGS = YES;
				MACOSX_DEPLOYMENT_TARGET = 26.0;
				MTL_ENABLE_DEBUG_INFO = INCLUDE_SOURCE;
				MTL_FAST_MATH = YES;
				ONLY_ACTIVE_ARCH = YES;
				SDKROOT = macosx;
				STRING_CATALOG_GENERATE_SYMBOLS = YES;
				SWIFT_ACTIVE_COMPILATION_CONDITIONS = "DEBUG $(inherited)";
				SWIFT_OPTIMIZATION_LEVEL = "-Onone";
				SWIFT_TREAT_WARNINGS_AS_ERRORS = YES;
				SWIFT_VERSION = 6.0;
				VERSIONING_SYSTEM = "apple-generic";
			};
			name = Debug;
		};
		30C937722E806B7A004B5AF5 /* Release */ = {
			isa = XCBuildConfiguration;
			baseConfigurationReference = 30C964002F0AB64600DDF7AF /* BuildNumber.xcconfig */;
			buildSettings = {
				ALWAYS_SEARCH_USER_PATHS = NO;
				ASSETCATALOG_COMPILER_GENERATE_SWIFT_ASSET_SYMBOL_EXTENSIONS = YES;
				CLANG_ANALYZER_NONNULL = YES;
				CLANG_ANALYZER_NUMBER_OBJECT_CONVERSION = YES_AGGRESSIVE;
				CLANG_CXX_LANGUAGE_STANDARD = "gnu++20";
				CLANG_ENABLE_MODULES = YES;
				CLANG_ENABLE_OBJC_ARC = YES;
				CLANG_ENABLE_OBJC_WEAK = YES;
				CLANG_WARN_BLOCK_CAPTURE_AUTORELEASING = YES;
				CLANG_WARN_BOOL_CONVERSION = YES;
				CLANG_WARN_COMMA = YES;
				CLANG_WARN_CONSTANT_CONVERSION = YES;
				CLANG_WARN_DEPRECATED_OBJC_IMPLEMENTATIONS = YES;
				CLANG_WARN_DIRECT_OBJC_ISA_USAGE = YES_ERROR;
				CLANG_WARN_DOCUMENTATION_COMMENTS = YES;
				CLANG_WARN_EMPTY_BODY = YES;
				CLANG_WARN_ENUM_CONVERSION = YES;
				CLANG_WARN_INFINITE_RECURSION = YES;
				CLANG_WARN_INT_CONVERSION = YES;
				CLANG_WARN_NON_LITERAL_NULL_CONVERSION = YES;
				CLANG_WARN_OBJC_IMPLICIT_RETAIN_SELF = YES;
				CLANG_WARN_OBJC_LITERAL_CONVERSION = YES;
				CLANG_WARN_OBJC_ROOT_CLASS = YES_ERROR;
				CLANG_WARN_QUOTED_INCLUDE_IN_FRAMEWORK_HEADER = YES;
				CLANG_WARN_RANGE_LOOP_ANALYSIS = YES;
				CLANG_WARN_STRICT_PROTOTYPES = YES;
				CLANG_WARN_SUSPICIOUS_MOVE = YES;
				CLANG_WARN_UNGUARDED_AVAILABILITY = YES_AGGRESSIVE;
				CLANG_WARN_UNREACHABLE_CODE = YES;
				CLANG_WARN__DUPLICATE_METHOD_MATCH = YES;
				COPY_PHASE_STRIP = NO;
				CURRENT_PROJECT_VERSION = "$(CURRENT_PROJECT_VERSION)";
				DEAD_CODE_STRIPPING = YES;
				DEBUG_INFORMATION_FORMAT = "dwarf-with-dsym";
				DEVELOPMENT_TEAM = PL2FTGT24W;
				ENABLE_NS_ASSERTIONS = NO;
				ENABLE_STRICT_OBJC_MSGSEND = YES;
				ENABLE_USER_SCRIPT_SANDBOXING = YES;
				GCC_C_LANGUAGE_STANDARD = gnu17;
				GCC_NO_COMMON_BLOCKS = YES;
				GCC_WARN_64_TO_32_BIT_CONVERSION = YES;
				GCC_WARN_ABOUT_RETURN_TYPE = YES_ERROR;
				GCC_WARN_UNDECLARED_SELECTOR = YES;
				GCC_WARN_UNINITIALIZED_AUTOS = YES_AGGRESSIVE;
				GCC_WARN_UNUSED_FUNCTION = YES;
				GCC_WARN_UNUSED_VARIABLE = YES;
				LOCALIZATION_PREFERS_STRING_CATALOGS = YES;
				MACOSX_DEPLOYMENT_TARGET = 26.0;
				MTL_ENABLE_DEBUG_INFO = NO;
				MTL_FAST_MATH = YES;
				SDKROOT = macosx;
				STRING_CATALOG_GENERATE_SYMBOLS = YES;
				SWIFT_COMPILATION_MODE = wholemodule;
				SWIFT_TREAT_WARNINGS_AS_ERRORS = YES;
				SWIFT_VERSION = 6.0;
				VERSIONING_SYSTEM = "apple-generic";
			};
			name = Release;
		};
		30C937742E806B7A004B5AF5 /* Debug */ = {
			isa = XCBuildConfiguration;
			baseConfigurationReference = 30C964002F0AB64600DDF7AF /* BuildNumber.xcconfig */;
			buildSettings = {
				ASSETCATALOG_COMPILER_APPICON_NAME = volumeHUD;
				ASSETCATALOG_COMPILER_GLOBAL_ACCENT_COLOR_NAME = AccentColor;
				ASSETCATALOG_COMPILER_INCLUDE_ALL_APPICON_ASSETS = YES;
				"CODE_SIGN_IDENTITY[sdk=macosx*]" = "Apple Development";
				CODE_SIGN_STYLE = Automatic;
				COMBINE_HIDPI_IMAGES = YES;
				CURRENT_PROJECT_VERSION = "$(CURRENT_PROJECT_VERSION)";
				DEAD_CODE_STRIPPING = YES;
				DEVELOPMENT_TEAM = PL2FTGT24W;
				ENABLE_APP_SANDBOX = NO;
				ENABLE_HARDENED_RUNTIME = YES;
				ENABLE_OUTGOING_NETWORK_CONNECTIONS = YES;
				ENABLE_PREVIEWS = YES;
				ENABLE_USER_SELECTED_FILES = readonly;
				GENERATE_INFOPLIST_FILE = YES;
				INFOPLIST_KEY_CFBundleDisplayName = volumeHUD;
				INFOPLIST_KEY_LSApplicationCategoryType = "public.app-category.utilities";
				INFOPLIST_KEY_LSUIElement = YES;
				INFOPLIST_KEY_NSHumanReadableCopyright = "Danny Stewart";
				LD_RUNPATH_SEARCH_PATHS = (
					"$(inherited)",
					"@executable_path/../Frameworks",
				);
				MACOSX_DEPLOYMENT_TARGET = 26.0;
				MARKETING_VERSION = 3.4.0;
				PRODUCT_BUNDLE_IDENTIFIER = com.dannystewart.volumehud.debug;
				PRODUCT_NAME = "$(TARGET_NAME)";
				REGISTER_APP_GROUPS = YES;
				STRING_CATALOG_GENERATE_SYMBOLS = YES;
				SWIFT_APPROACHABLE_CONCURRENCY = YES;
				SWIFT_DEFAULT_ACTOR_ISOLATION = MainActor;
				SWIFT_EMIT_LOC_STRINGS = YES;
				SWIFT_UPCOMING_FEATURE_MEMBER_IMPORT_VISIBILITY = YES;
				SWIFT_VERSION = 6.0;
			};
			name = Debug;
		};
		30C937752E806B7A004B5AF5 /* Release */ = {
			isa = XCBuildConfiguration;
			baseConfigurationReference = 30C964002F0AB64600DDF7AF /* BuildNumber.xcconfig */;
			buildSettings = {
				ASSETCATALOG_COMPILER_APPICON_NAME = volumeHUD;
				ASSETCATALOG_COMPILER_GLOBAL_ACCENT_COLOR_NAME = AccentColor;
				ASSETCATALOG_COMPILER_INCLUDE_ALL_APPICON_ASSETS = YES;
				"CODE_SIGN_IDENTITY[sdk=macosx*]" = "Apple Development";
				CODE_SIGN_STYLE = Automatic;
				COMBINE_HIDPI_IMAGES = YES;
				CURRENT_PROJECT_VERSION = "$(CURRENT_PROJECT_VERSION)";
				DEAD_CODE_STRIPPING = YES;
				DEVELOPMENT_TEAM = PL2FTGT24W;
				ENABLE_APP_SANDBOX = NO;
				ENABLE_HARDENED_RUNTIME = YES;
				ENABLE_OUTGOING_NETWORK_CONNECTIONS = YES;
				ENABLE_PREVIEWS = YES;
				ENABLE_USER_SELECTED_FILES = readonly;
				GENERATE_INFOPLIST_FILE = YES;
				INFOPLIST_KEY_CFBundleDisplayName = volumeHUD;
				INFOPLIST_KEY_LSApplicationCategoryType = "public.app-category.utilities";
				INFOPLIST_KEY_LSUIElement = YES;
				INFOPLIST_KEY_NSHumanReadableCopyright = "Danny Stewart";
				LD_RUNPATH_SEARCH_PATHS = (
					"$(inherited)",
					"@executable_path/../Frameworks",
				);
				MACOSX_DEPLOYMENT_TARGET = 26.0;
				MARKETING_VERSION = 3.4.0;
				PRODUCT_BUNDLE_IDENTIFIER = com.dannystewart.volumehud;
				PRODUCT_NAME = "$(TARGET_NAME)";
				REGISTER_APP_GROUPS = YES;
				STRING_CATALOG_GENERATE_SYMBOLS = YES;
				SWIFT_APPROACHABLE_CONCURRENCY = YES;
				SWIFT_DEFAULT_ACTOR_ISOLATION = MainActor;
				SWIFT_EMIT_LOC_STRINGS = YES;
				SWIFT_UPCOMING_FEATURE_MEMBER_IMPORT_VISIBILITY = YES;
				SWIFT_VERSION = 6.0;
			};
			name = Release;
		};
		30DAC6DB2EEE1F73004F96CE /* Debug */ = {
			isa = XCBuildConfiguration;
			baseConfigurationReference = 30C964002F0AB64600DDF7AF /* BuildNumber.xcconfig */;
			buildSettings = {
				ASSETCATALOG_COMPILER_APPICON_NAME = volumeHUD;
				ASSETCATALOG_COMPILER_GLOBAL_ACCENT_COLOR_NAME = AccentColor;
				ASSETCATALOG_COMPILER_INCLUDE_ALL_APPICON_ASSETS = YES;
				"CODE_SIGN_IDENTITY[sdk=macosx*]" = "Apple Development";
				CODE_SIGN_STYLE = Automatic;
				COMBINE_HIDPI_IMAGES = YES;
				CURRENT_PROJECT_VERSION = "$(CURRENT_PROJECT_VERSION)";
				DEAD_CODE_STRIPPING = YES;
				DEVELOPMENT_TEAM = PL2FTGT24W;
				ENABLE_APP_SANDBOX = YES;
				ENABLE_HARDENED_RUNTIME = YES;
				ENABLE_OUTGOING_NETWORK_CONNECTIONS = NO;
				ENABLE_PREVIEWS = YES;
				ENABLE_USER_SELECTED_FILES = readonly;
				GENERATE_INFOPLIST_FILE = YES;
				INFOPLIST_KEY_CFBundleDisplayName = volumeHUD;
				INFOPLIST_KEY_LSApplicationCategoryType = "public.app-category.utilities";
				INFOPLIST_KEY_LSUIElement = YES;
				INFOPLIST_KEY_NSHumanReadableCopyright = "Danny Stewart";
				LD_RUNPATH_SEARCH_PATHS = (
					"$(inherited)",
					"@executable_path/../Frameworks",
				);
				MACOSX_DEPLOYMENT_TARGET = 26.0;
				MARKETING_VERSION = 3.4.0;
				OTHER_SWIFT_FLAGS = "-D SANDBOX";
				PRODUCT_BUNDLE_IDENTIFIER = com.dannystewart.volumehud.mas;
				PRODUCT_NAME = volumeHUD;
				REGISTER_APP_GROUPS = YES;
				STRING_CATALOG_GENERATE_SYMBOLS = YES;
				SWIFT_APPROACHABLE_CONCURRENCY = YES;
				SWIFT_DEFAULT_ACTOR_ISOLATION = MainActor;
				SWIFT_EMIT_LOC_STRINGS = YES;
				SWIFT_UPCOMING_FEATURE_MEMBER_IMPORT_VISIBILITY = YES;
				SWIFT_VERSION = 6.0;
			};
			name = Debug;
		};
		30DAC6DC2EEE1F73004F96CE /* Release */ = {
			isa = XCBuildConfiguration;
			baseConfigurationReference = 30C964002F0AB64600DDF7AF /* BuildNumber.xcconfig */;
			buildSettings = {
				ASSETCATALOG_COMPILER_APPICON_NAME = volumeHUD;
				ASSETCATALOG_COMPILER_GLOBAL_ACCENT_COLOR_NAME = AccentColor;
				ASSETCATALOG_COMPILER_INCLUDE_ALL_APPICON_ASSETS = YES;
				"CODE_SIGN_IDENTITY[sdk=macosx*]" = "Apple Development";
				CODE_SIGN_STYLE = Automatic;
				COMBINE_HIDPI_IMAGES = YES;
				CURRENT_PROJECT_VERSION = "$(CURRENT_PROJECT_VERSION)";
				DEAD_CODE_STRIPPING = YES;
				DEVELOPMENT_TEAM = PL2FTGT24W;
				ENABLE_APP_SANDBOX = YES;
				ENABLE_HARDENED_RUNTIME = YES;
				ENABLE_OUTGOING_NETWORK_CONNECTIONS = NO;
				ENABLE_PREVIEWS = YES;
				ENABLE_USER_SELECTED_FILES = readonly;
				GENERATE_INFOPLIST_FILE = YES;
				INFOPLIST_KEY_CFBundleDisplayName = volumeHUD;
				INFOPLIST_KEY_LSApplicationCategoryType = "public.app-category.utilities";
				INFOPLIST_KEY_LSUIElement = YES;
				INFOPLIST_KEY_NSHumanReadableCopyright = "Danny Stewart";
				LD_RUNPATH_SEARCH_PATHS = (
					"$(inherited)",
					"@executable_path/../Frameworks",
				);
				MACOSX_DEPLOYMENT_TARGET = 26.0;
				MARKETING_VERSION = 3.4.0;
				OTHER_SWIFT_FLAGS = "-D SANDBOX";
				PRODUCT_BUNDLE_IDENTIFIER = com.dannystewart.volumehud.mas;
				PRODUCT_NAME = volumeHUD;
				REGISTER_APP_GROUPS = YES;
				STRING_CATALOG_GENERATE_SYMBOLS = YES;
				SWIFT_APPROACHABLE_CONCURRENCY = YES;
				SWIFT_DEFAULT_ACTOR_ISOLATION = MainActor;
				SWIFT_EMIT_LOC_STRINGS = YES;
				SWIFT_UPCOMING_FEATURE_MEMBER_IMPORT_VISIBILITY = YES;
				SWIFT_VERSION = 6.0;
			};
			name = Release;
		};
/* End XCBuildConfiguration section */

/* Begin XCConfigurationList section */
		30C937632E806B79004B5AF5 /* Build configuration list for PBXProject "volumeHUD" */ = {
			isa = XCConfigurationList;
			buildConfigurations = (
				30C937712E806B7A004B5AF5 /* Debug */,
				30C937722E806B7A004B5AF5 /* Release */,
			);
			defaultConfigurationIsVisible = 0;
			defaultConfigurationName = Release;
		};
		30C937732E806B7A004B5AF5 /* Build configuration list for PBXNativeTarget "volumeHUD" */ = {
			isa = XCConfigurationList;
			buildConfigurations = (
				30C937742E806B7A004B5AF5 /* Debug */,
				30C937752E806B7A004B5AF5 /* Release */,
			);
			defaultConfigurationIsVisible = 0;
			defaultConfigurationName = Release;
		};
		30DAC6DA2EEE1F73004F96CE /* Build configuration list for PBXNativeTarget "volumeHUD (Sandbox)" */ = {
			isa = XCConfigurationList;
			buildConfigurations = (
				30DAC6DB2EEE1F73004F96CE /* Debug */,
				30DAC6DC2EEE1F73004F96CE /* Release */,
			);
			defaultConfigurationIsVisible = 0;
			defaultConfigurationName = Release;
		};
/* End XCConfigurationList section */
	};
	rootObject = 30C937602E806B79004B5AF5 /* Project object */;
}
